
Microsoft Visual Studio Solution File, Format Version 12.00
# Visual Studio 14
VisualStudioVersion = 14.0.23107.0
MinimumVisualStudioVersion = 10.0.40219.1
Project("{FAE04EC0-301F-11D3-BF4B-00C04F79EFBC}") = "DBElement", "DBElement\DBElement.csproj", "{1D9FDB3E-8C03-493F-8D76-0443B298E854}"
EndProject
Project("{FAE04EC0-301F-11D3-BF4B-00C04F79EFBC}") = "DBEngine", "DBEngine\DBEngine.csproj", "{9F039B4C-22C7-488B-9E2F-B7224CC46A2D}"
EndProject
Project("{FAE04EC0-301F-11D3-BF4B-00C04F79EFBC}") = "DBExtensions", "DBExtensions\DBExtensions.csproj", "{A6ECC225-6634-474E-97F6-54FB2F758C99}"
EndProject
Project("{FAE04EC0-301F-11D3-BF4B-00C04F79EFBC}") = "UtilityExtensions", "UtilityExtensions\UtilityExtensions.csproj", "{7092AC78-846B-424B-9CC3-94E2CB2D3C25}"
EndProject
Project("{FAE04EC0-301F-11D3-BF4B-00C04F79EFBC}") = "TestExec", "TestExec\TestExec.csproj", "{82E16B27-0174-499B-BFEB-169FE687EFA2}"
EndProject
Project("{FAE04EC0-301F-11D3-BF4B-00C04F79EFBC}") = "QueryEngine", "QueryEngine\QueryEngine.csproj", "{6DE68CE8-2417-41B4-8652-DCE9ABE722F2}"
EndProject
Project("{FAE04EC0-301F-11D3-BF4B-00C04F79EFBC}") = "PersistEngine", "PersistEngine\PersistEngine.csproj", "{CE16CA24-E72A-49D3-AABA-C99226E40E39}"
EndProject
Project("{FAE04EC0-301F-11D3-BF4B-00C04F79EFBC}") = "DBFactory", "DBFactory\DBFactory.csproj", "{6F27576A-3E5F-4335-98C8-CDC008489BBC}"
EndProject
Project("{FAE04EC0-301F-11D3-BF4B-00C04F79EFBC}") = "Scheduler", "Scheduler\Scheduler.csproj", "{352F2852-76E5-4D66-AC1D-D2C6A7F56952}"
EndProject
Project("{FAE04EC0-301F-11D3-BF4B-00C04F79EFBC}") = "DBElementTest", "DBElementTest\DBElementTest.csproj", "{78C023C3-57AC-4E97-AD8D-8CF978626F34}"
EndProject
Project("{FAE04EC0-301F-11D3-BF4B-00C04F79EFBC}") = "DBEngineTest", "DBEngineTest\DBEngineTest.csproj", "{675B7BAD-F56F-4D2F-BA2C-ED24FFC508C1}"
EndProject
Project("{FAE04EC0-301F-11D3-BF4B-00C04F79EFBC}") = "Display", "Display\Display.csproj", "{84FEC583-D643-4465-ADA0-C34C9BF8C624}"
EndProject
Global
	GlobalSection(SolutionConfigurationPlatforms) = preSolution
		Debug|Any CPU = Debug|Any CPU
		Debug|x64 = Debug|x64
		Debug|x86 = Debug|x86
		Release|Any CPU = Release|Any CPU
		Release|x64 = Release|x64
		Release|x86 = Release|x86
	EndGlobalSection
	GlobalSection(ProjectConfigurationPlatforms) = postSolution
		{1D9FDB3E-8C03-493F-8D76-0443B298E854}.Debug|Any CPU.ActiveCfg = Debug|Any CPU
		{1D9FDB3E-8C03-493F-8D76-0443B298E854}.Debug|Any CPU.Build.0 = Debug|Any CPU
		{1D9FDB3E-8C03-493F-8D76-0443B298E854}.Debug|x64.ActiveCfg = Debug|Any CPU
		{1D9FDB3E-8C03-493F-8D76-0443B298E854}.Debug|x64.Build.0 = Debug|Any CPU
		{1D9FDB3E-8C03-493F-8D76-0443B298E854}.Debug|x86.ActiveCfg = Debug|Any CPU
		{1D9FDB3E-8C03-493F-8D76-0443B298E854}.Debug|x86.Build.0 = Debug|Any CPU
		{1D9FDB3E-8C03-493F-8D76-0443B298E854}.Release|Any CPU.ActiveCfg = Release|Any CPU
		{1D9FDB3E-8C03-493F-8D76-0443B298E854}.Release|Any CPU.Build.0 = Release|Any CPU
		{1D9FDB3E-8C03-493F-8D76-0443B298E854}.Release|x64.ActiveCfg = Release|Any CPU
		{1D9FDB3E-8C03-493F-8D76-0443B298E854}.Release|x64.Build.0 = Release|Any CPU
		{1D9FDB3E-8C03-493F-8D76-0443B298E854}.Release|x86.ActiveCfg = Release|Any CPU
		{1D9FDB3E-8C03-493F-8D76-0443B298E854}.Release|x86.Build.0 = Release|Any CPU
		{9F039B4C-22C7-488B-9E2F-B7224CC46A2D}.Debug|Any CPU.ActiveCfg = Debug|Any CPU
		{9F039B4C-22C7-488B-9E2F-B7224CC46A2D}.Debug|Any CPU.Build.0 = Debug|Any CPU
		{9F039B4C-22C7-488B-9E2F-B7224CC46A2D}.Debug|x64.ActiveCfg = Debug|Any CPU
		{9F039B4C-22C7-488B-9E2F-B7224CC46A2D}.Debug|x64.Build.0 = Debug|Any CPU
		{9F039B4C-22C7-488B-9E2F-B7224CC46A2D}.Debug|x86.ActiveCfg = Debug|Any CPU
		{9F039B4C-22C7-488B-9E2F-B7224CC46A2D}.Debug|x86.Build.0 = Debug|Any CPU
		{9F039B4C-22C7-488B-9E2F-B7224CC46A2D}.Release|Any CPU.ActiveCfg = Release|Any CPU
		{9F039B4C-22C7-488B-9E2F-B7224CC46A2D}.Release|Any CPU.Build.0 = Release|Any CPU
		{9F039B4C-22C7-488B-9E2F-B7224CC46A2D}.Release|x64.ActiveCfg = Release|Any CPU
		{9F039B4C-22C7-488B-9E2F-B7224CC46A2D}.Release|x64.Build.0 = Release|Any CPU
		{9F039B4C-22C7-488B-9E2F-B7224CC46A2D}.Release|x86.ActiveCfg = Release|Any CPU
		{9F039B4C-22C7-488B-9E2F-B7224CC46A2D}.Release|x86.Build.0 = Release|Any CPU
		{A6ECC225-6634-474E-97F6-54FB2F758C99}.Debug|Any CPU.ActiveCfg = Debug|Any CPU
		{A6ECC225-6634-474E-97F6-54FB2F758C99}.Debug|Any CPU.Build.0 = Debug|Any CPU
		{A6ECC225-6634-474E-97F6-54FB2F758C99}.Debug|x64.ActiveCfg = Debug|Any CPU
		{A6ECC225-6634-474E-97F6-54FB2F758C99}.Debug|x64.Build.0 = Debug|Any CPU
		{A6ECC225-6634-474E-97F6-54FB2F758C99}.Debug|x86.ActiveCfg = Debug|Any CPU
		{A6ECC225-6634-474E-97F6-54FB2F758C99}.Debug|x86.Build.0 = Debug|Any CPU
		{A6ECC225-6634-474E-97F6-54FB2F758C99}.Release|Any CPU.ActiveCfg = Release|Any CPU
		{A6ECC225-6634-474E-97F6-54FB2F758C99}.Release|Any CPU.Build.0 = Release|Any CPU
		{A6ECC225-6634-474E-97F6-54FB2F758C99}.Release|x64.ActiveCfg = Release|Any CPU
		{A6ECC225-6634-474E-97F6-54FB2F758C99}.Release|x64.Build.0 = Release|Any CPU
		{A6ECC225-6634-474E-97F6-54FB2F758C99}.Release|x86.ActiveCfg = Release|Any CPU
		{A6ECC225-6634-474E-97F6-54FB2F758C99}.Release|x86.Build.0 = Release|Any CPU
		{7092AC78-846B-424B-9CC3-94E2CB2D3C25}.Debug|Any CPU.ActiveCfg = Debug|Any CPU
		{7092AC78-846B-424B-9CC3-94E2CB2D3C25}.Debug|Any CPU.Build.0 = Debug|Any CPU
		{7092AC78-846B-424B-9CC3-94E2CB2D3C25}.Debug|x64.ActiveCfg = Debug|Any CPU
		{7092AC78-846B-424B-9CC3-94E2CB2D3C25}.Debug|x64.Build.0 = Debug|Any CPU
		{7092AC78-846B-424B-9CC3-94E2CB2D3C25}.Debug|x86.ActiveCfg = Debug|Any CPU
		{7092AC78-846B-424B-9CC3-94E2CB2D3C25}.Debug|x86.Build.0 = Debug|Any CPU
		{7092AC78-846B-424B-9CC3-94E2CB2D3C25}.Release|Any CPU.ActiveCfg = Release|Any CPU
		{7092AC78-846B-424B-9CC3-94E2CB2D3C25}.Release|Any CPU.Build.0 = Release|Any CPU
		{7092AC78-846B-424B-9CC3-94E2CB2D3C25}.Release|x64.ActiveCfg = Release|Any CPU
		{7092AC78-846B-424B-9CC3-94E2CB2D3C25}.Release|x64.Build.0 = Release|Any CPU
		{7092AC78-846B-424B-9CC3-94E2CB2D3C25}.Release|x86.ActiveCfg = Release|Any CPU
		{7092AC78-846B-424B-9CC3-94E2CB2D3C25}.Release|x86.Build.0 = Release|Any CPU
		{82E16B27-0174-499B-BFEB-169FE687EFA2}.Debug|Any CPU.ActiveCfg = Debug|Any CPU
		{82E16B27-0174-499B-BFEB-169FE687EFA2}.Debug|Any CPU.Build.0 = Debug|Any CPU
		{82E16B27-0174-499B-BFEB-169FE687EFA2}.Debug|x64.ActiveCfg = Debug|Any CPU
		{82E16B27-0174-499B-BFEB-169FE687EFA2}.Debug|x64.Build.0 = Debug|Any CPU
		{82E16B27-0174-499B-BFEB-169FE687EFA2}.Debug|x86.ActiveCfg = Debug|Any CPU
		{82E16B27-0174-499B-BFEB-169FE687EFA2}.Debug|x86.Build.0 = Debug|Any CPU
		{82E16B27-0174-499B-BFEB-169FE687EFA2}.Release|Any CPU.ActiveCfg = Release|Any CPU
		{82E16B27-0174-499B-BFEB-169FE687EFA2}.Release|Any CPU.Build.0 = Release|Any CPU
		{82E16B27-0174-499B-BFEB-169FE687EFA2}.Release|x64.ActiveCfg = Release|Any CPU
		{82E16B27-0174-499B-BFEB-169FE687EFA2}.Release|x64.Build.0 = Release|Any CPU
		{82E16B27-0174-499B-BFEB-169FE687EFA2}.Release|x86.ActiveCfg = Release|Any CPU
		{82E16B27-0174-499B-BFEB-169FE687EFA2}.Release|x86.Build.0 = Release|Any CPU
		{6DE68CE8-2417-41B4-8652-DCE9ABE722F2}.Debug|Any CPU.ActiveCfg = Debug|Any CPU
		{6DE68CE8-2417-41B4-8652-DCE9ABE722F2}.Debug|Any CPU.Build.0 = Debug|Any CPU
		{6DE68CE8-2417-41B4-8652-DCE9ABE722F2}.Debug|x64.ActiveCfg = Debug|Any CPU
		{6DE68CE8-2417-41B4-8652-DCE9ABE722F2}.Debug|x64.Build.0 = Debug|Any CPU
		{6DE68CE8-2417-41B4-8652-DCE9ABE722F2}.Debug|x86.ActiveCfg = Debug|Any CPU
		{6DE68CE8-2417-41B4-8652-DCE9ABE722F2}.Debug|x86.Build.0 = Debug|Any CPU
		{6DE68CE8-2417-41B4-8652-DCE9ABE722F2}.Release|Any CPU.ActiveCfg = Release|Any CPU
		{6DE68CE8-2417-41B4-8652-DCE9ABE722F2}.Release|Any CPU.Build.0 = Release|Any CPU
		{6DE68CE8-2417-41B4-8652-DCE9ABE722F2}.Release|x64.ActiveCfg = Release|Any CPU
		{6DE68CE8-2417-41B4-8652-DCE9ABE722F2}.Release|x64.Build.0 = Release|Any CPU
		{6DE68CE8-2417-41B4-8652-DCE9ABE722F2}.Release|x86.ActiveCfg = Release|Any CPU
		{6DE68CE8-2417-41B4-8652-DCE9ABE722F2}.Release|x86.Build.0 = Release|Any CPU
		{CE16CA24-E72A-49D3-AABA-C99226E40E39}.Debug|Any CPU.ActiveCfg = Debug|Any CPU
		{CE16CA24-E72A-49D3-AABA-C99226E40E39}.Debug|Any CPU.Build.0 = Debug|Any CPU
		{CE16CA24-E72A-49D3-AABA-C99226E40E39}.Debug|x64.ActiveCfg = Debug|Any CPU
		{CE16CA24-E72A-49D3-AABA-C99226E40E39}.Debug|x64.Build.0 = Debug|Any CPU
		{CE16CA24-E72A-49D3-AABA-C99226E40E39}.Debug|x86.ActiveCfg = Debug|Any CPU
		{CE16CA24-E72A-49D3-AABA-C99226E40E39}.Debug|x86.Build.0 = Debug|Any CPU
		{CE16CA24-E72A-49D3-AABA-C99226E40E39}.Release|Any CPU.ActiveCfg = Release|Any CPU
		{CE16CA24-E72A-49D3-AABA-C99226E40E39}.Release|Any CPU.Build.0 = Release|Any CPU
		{CE16CA24-E72A-49D3-AABA-C99226E40E39}.Release|x64.ActiveCfg = Release|Any CPU
		{CE16CA24-E72A-49D3-AABA-C99226E40E39}.Release|x64.Build.0 = Release|Any CPU
		{CE16CA24-E72A-49D3-AABA-C99226E40E39}.Release|x86.ActiveCfg = Release|Any CPU
		{CE16CA24-E72A-49D3-AABA-C99226E40E39}.Release|x86.Build.0 = Release|Any CPU
		{6F27576A-3E5F-4335-98C8-CDC008489BBC}.Debug|Any CPU.ActiveCfg = Debug|Any CPU
		{6F27576A-3E5F-4335-98C8-CDC008489BBC}.Debug|Any CPU.Build.0 = Debug|Any CPU
		{6F27576A-3E5F-4335-98C8-CDC008489BBC}.Debug|x64.ActiveCfg = Debug|Any CPU
		{6F27576A-3E5F-4335-98C8-CDC008489BBC}.Debug|x64.Build.0 = Debug|Any CPU
		{6F27576A-3E5F-4335-98C8-CDC008489BBC}.Debug|x86.ActiveCfg = Debug|Any CPU
		{6F27576A-3E5F-4335-98C8-CDC008489BBC}.Debug|x86.Build.0 = Debug|Any CPU
		{6F27576A-3E5F-4335-98C8-CDC008489BBC}.Release|Any CPU.ActiveCfg = Release|Any CPU
		{6F27576A-3E5F-4335-98C8-CDC008489BBC}.Release|Any CPU.Build.0 = Release|Any CPU
		{6F27576A-3E5F-4335-98C8-CDC008489BBC}.Release|x64.ActiveCfg = Release|Any CPU
		{6F27576A-3E5F-4335-98C8-CDC008489BBC}.Release|x64.Build.0 = Release|Any CPU
		{6F27576A-3E5F-4335-98C8-CDC008489BBC}.Release|x86.ActiveCfg = Release|Any CPU
		{6F27576A-3E5F-4335-98C8-CDC008489BBC}.Release|x86.Build.0 = Release|Any CPU
		{352F2852-76E5-4D66-AC1D-D2C6A7F56952}.Debug|Any CPU.ActiveCfg = Debug|Any CPU
		{352F2852-76E5-4D66-AC1D-D2C6A7F56952}.Debug|Any CPU.Build.0 = Debug|Any CPU
		{352F2852-76E5-4D66-AC1D-D2C6A7F56952}.Debug|x64.ActiveCfg = Debug|Any CPU
		{352F2852-76E5-4D66-AC1D-D2C6A7F56952}.Debug|x64.Build.0 = Debug|Any CPU
		{352F2852-76E5-4D66-AC1D-D2C6A7F56952}.Debug|x86.ActiveCfg = Debug|Any CPU
		{352F2852-76E5-4D66-AC1D-D2C6A7F56952}.Debug|x86.Build.0 = Debug|Any CPU
		{352F2852-76E5-4D66-AC1D-D2C6A7F56952}.Release|Any CPU.ActiveCfg = Release|Any CPU
		{352F2852-76E5-4D66-AC1D-D2C6A7F56952}.Release|Any CPU.Build.0 = Release|Any CPU
		{352F2852-76E5-4D66-AC1D-D2C6A7F56952}.Release|x64.ActiveCfg = Release|Any CPU
		{352F2852-76E5-4D66-AC1D-D2C6A7F56952}.Release|x64.Build.0 = Release|Any CPU
		{352F2852-76E5-4D66-AC1D-D2C6A7F56952}.Release|x86.ActiveCfg = Release|Any CPU
		{352F2852-76E5-4D66-AC1D-D2C6A7F56952}.Release|x86.Build.0 = Release|Any CPU
		{78C023C3-57AC-4E97-AD8D-8CF978626F34}.Debug|Any CPU.ActiveCfg = Debug|Any CPU
		{78C023C3-57AC-4E97-AD8D-8CF978626F34}.Debug|Any CPU.Build.0 = Debug|Any CPU
		{78C023C3-57AC-4E97-AD8D-8CF978626F34}.Debug|x64.ActiveCfg = Debug|Any CPU
		{78C023C3-57AC-4E97-AD8D-8CF978626F34}.Debug|x64.Build.0 = Debug|Any CPU
		{78C023C3-57AC-4E97-AD8D-8CF978626F34}.Debug|x86.ActiveCfg = Debug|Any CPU
		{78C023C3-57AC-4E97-AD8D-8CF978626F34}.Debug|x86.Build.0 = Debug|Any CPU
		{78C023C3-57AC-4E97-AD8D-8CF978626F34}.Release|Any CPU.ActiveCfg = Release|Any CPU
		{78C023C3-57AC-4E97-AD8D-8CF978626F34}.Release|Any CPU.Build.0 = Release|Any CPU
		{78C023C3-57AC-4E97-AD8D-8CF978626F34}.Release|x64.ActiveCfg = Release|Any CPU
		{78C023C3-57AC-4E97-AD8D-8CF978626F34}.Release|x64.Build.0 = Release|Any CPU
		{78C023C3-57AC-4E97-AD8D-8CF978626F34}.Release|x86.ActiveCfg = Release|Any CPU
		{78C023C3-57AC-4E97-AD8D-8CF978626F34}.Release|x86.Build.0 = Release|Any CPU
		{675B7BAD-F56F-4D2F-BA2C-ED24FFC508C1}.Debug|Any CPU.ActiveCfg = Debug|Any CPU
		{675B7BAD-F56F-4D2F-BA2C-ED24FFC508C1}.Debug|Any CPU.Build.0 = Debug|Any CPU
		{675B7BAD-F56F-4D2F-BA2C-ED24FFC508C1}.Debug|x64.ActiveCfg = Debug|Any CPU
		{675B7BAD-F56F-4D2F-BA2C-ED24FFC508C1}.Debug|x64.Build.0 = Debug|Any CPU
		{675B7BAD-F56F-4D2F-BA2C-ED24FFC508C1}.Debug|x86.ActiveCfg = Debug|Any CPU
		{675B7BAD-F56F-4D2F-BA2C-ED24FFC508C1}.Debug|x86.Build.0 = Debug|Any CPU
		{675B7BAD-F56F-4D2F-BA2C-ED24FFC508C1}.Release|Any CPU.ActiveCfg = Release|Any CPU
		{675B7BAD-F56F-4D2F-BA2C-ED24FFC508C1}.Release|Any CPU.Build.0 = Release|Any CPU
		{675B7BAD-F56F-4D2F-BA2C-ED24FFC508C1}.Release|x64.ActiveCfg = Release|Any CPU
		{675B7BAD-F56F-4D2F-BA2C-ED24FFC508C1}.Release|x64.Build.0 = Release|Any CPU
		{675B7BAD-F56F-4D2F-BA2C-ED24FFC508C1}.Release|x86.ActiveCfg = Release|Any CPU
		{675B7BAD-F56F-4D2F-BA2C-ED24FFC508C1}.Release|x86.Build.0 = Release|Any CPU
		{84FEC583-D643-4465-ADA0-C34C9BF8C624}.Debug|Any CPU.ActiveCfg = Debug|Any CPU
		{84FEC583-D643-4465-ADA0-C34C9BF8C624}.Debug|Any CPU.Build.0 = Debug|Any CPU
		{84FEC583-D643-4465-ADA0-C34C9BF8C624}.Debug|x64.ActiveCfg = Debug|Any CPU
		{84FEC583-D643-4465-ADA0-C34C9BF8C624}.Debug|x64.Build.0 = Debug|Any CPU
		{84FEC583-D643-4465-ADA0-C34C9BF8C624}.Debug|x86.ActiveCfg = Debug|Any CPU
		{84FEC583-D643-4465-ADA0-C34C9BF8C624}.Debug|x86.Build.0 = Debug|Any CPU
		{84FEC583-D643-4465-ADA0-C34C9BF8C624}.Release|Any CPU.ActiveCfg = Release|Any CPU
		{84FEC583-D643-4465-ADA0-C34C9BF8C624}.Release|Any CPU.Build.0 = Release|Any CPU
		{84FEC583-D643-4465-ADA0-C34C9BF8C624}.Release|x64.ActiveCfg = Release|Any CPU
		{84FEC583-D643-4465-ADA0-C34C9BF8C624}.Release|x64.Build.0 = Release|Any CPU
		{84FEC583-D643-4465-ADA0-C34C9BF8C624}.Release|x86.ActiveCfg = Release|Any CPU
		{84FEC583-D643-4465-ADA0-C34C9BF8C624}.Release|x86.Build.0 = Release|Any CPU
	EndGlobalSection
	GlobalSection(SolutionProperties) = preSolution
		HideSolutionNode = FALSE
	EndGlobalSection
EndGlobal
